// !$*UTF8*$!
{
	archiveVersion = 1;
	classes = {
	};
	objectVersion = 47;
	objects = {

/* Begin PBXBuildFile section */
		EC5D71CE1C985425000EDCF6 /* chapter2-data-encapsulation.m in Sources */ = {isa = PBXBuildFile; fileRef = EC5D71CD1C985425000EDCF6 /* chapter2-data-encapsulation.m */; };
		EC5D71D01C985620000EDCF6 /* chapter3-datatypes.m in Sources */ = {isa = PBXBuildFile; fileRef = EC5D71CF1C985620000EDCF6 /* chapter3-datatypes.m */; };
		EC74517B1C20617800040C1D /* chapter1-first-program.m in Sources */ = {isa = PBXBuildFile; fileRef = EC74517A1C20617800040C1D /* chapter1-first-program.m */; };
		ECA02D311C99BB10000244D6 /* chapter3-integer-arithmetic.m in Sources */ = {isa = PBXBuildFile; fileRef = ECA02D301C99BB10000244D6 /* chapter3-integer-arithmetic.m */; };
		ECAF9BFB1C28558B00C8FE0C /* chapter2-class-object.m in Sources */ = {isa = PBXBuildFile; fileRef = ECAF9BFA1C28558B00C8FE0C /* chapter2-class-object.m */; };
/* End PBXBuildFile section */

/* Begin PBXCopyFilesBuildPhase section */
		EC7451751C20617800040C1D /* CopyFiles */ = {
			isa = PBXCopyFilesBuildPhase;
			buildActionMask = 2147483647;
			dstPath = /usr/share/man/man1/;
			dstSubfolderSpec = 0;
			files = (
			);
			runOnlyForDeploymentPostprocessing = 1;
		};
/* End PBXCopyFilesBuildPhase section */

/* Begin PBXFileReference section */
		EC5D71CD1C985425000EDCF6 /* chapter2-data-encapsulation.m */ = {isa = PBXFileReference; fileEncoding = 4; lastKnownFileType = sourcecode.c.objc; path = "chapter2-data-encapsulation.m"; sourceTree = "<group>"; };
		EC5D71CF1C985620000EDCF6 /* chapter3-datatypes.m */ = {isa = PBXFileReference; fileEncoding = 4; lastKnownFileType = sourcecode.c.objc; path = "chapter3-datatypes.m"; sourceTree = "<group>"; };
		EC7451771C20617800040C1D /* prog1 */ = {isa = PBXFileReference; explicitFileType = "compiled.mach-o.executable"; includeInIndex = 0; path = prog1; sourceTree = BUILT_PRODUCTS_DIR; };
		EC74517A1C20617800040C1D /* chapter1-first-program.m */ = {isa = PBXFileReference; lastKnownFileType = sourcecode.c.objc; path = "chapter1-first-program.m"; sourceTree = "<group>"; };
		ECA02D301C99BB10000244D6 /* chapter3-integer-arithmetic.m */ = {isa = PBXFileReference; fileEncoding = 4; lastKnownFileType = sourcecode.c.objc; path = "chapter3-integer-arithmetic.m"; sourceTree = "<group>"; };
		ECAF9BFA1C28558B00C8FE0C /* chapter2-class-object.m */ = {isa = PBXFileReference; fileEncoding = 4; lastKnownFileType = sourcecode.c.objc; path = "chapter2-class-object.m"; sourceTree = "<group>"; };
/* End PBXFileReference section */

/* Begin PBXFrameworksBuildPhase section */
		EC7451741C20617800040C1D /* Frameworks */ = {
			isa = PBXFrameworksBuildPhase;
			buildActionMask = 2147483647;
			files = (
			);
			runOnlyForDeploymentPostprocessing = 0;
		};
/* End PBXFrameworksBuildPhase section */

/* Begin PBXGroup section */
		EC74516E1C20617800040C1D = {
			isa = PBXGroup;
			children = (
				EC7451791C20617800040C1D /* prog1 */,
				EC7451781C20617800040C1D /* Products */,
			);
			sourceTree = "<group>";
		};
		EC7451781C20617800040C1D /* Products */ = {
			isa = PBXGroup;
			children = (
				EC7451771C20617800040C1D /* prog1 */,
			);
			name = Products;
			sourceTree = "<group>";
		};
		EC7451791C20617800040C1D /* prog1 */ = {
			isa = PBXGroup;
			children = (
				EC74517A1C20617800040C1D /* chapter1-first-program.m */,
				EC5D71CF1C985620000EDCF6 /* chapter3-datatypes.m */,
				ECAF9BFA1C28558B00C8FE0C /* chapter2-class-object.m */,
				EC5D71CD1C985425000EDCF6 /* chapter2-data-encapsulation.m */,
				ECA02D301C99BB10000244D6 /* chapter3-integer-arithmetic.m */,
			);
			path = prog1;
			sourceTree = "<group>";
		};
/* End PBXGroup section */

/* Begin PBXNativeTarget section */
		EC7451761C20617800040C1D /* prog1 */ = {
			isa = PBXNativeTarget;
			buildConfigurationList = EC74517E1C20617800040C1D /* Build configuration list for PBXNativeTarget "prog1" */;
			buildPhases = (
				EC7451731C20617800040C1D /* Sources */,
				EC7451741C20617800040C1D /* Frameworks */,
				EC7451751C20617800040C1D /* CopyFiles */,
			);
			buildRules = (
			);
			dependencies = (
			);
			name = prog1;
			productName = prog1;
			productReference = EC7451771C20617800040C1D /* prog1 */;
			productType = "com.apple.product-type.tool";
		};
/* End PBXNativeTarget section */

/* Begin PBXProject section */
		EC74516F1C20617800040C1D /* Project object */ = {
			isa = PBXProject;
			attributes = {
				LastUpgradeCheck = 0720;
				ORGANIZATIONNAME = liang1zhang;
				TargetAttributes = {
					EC7451761C20617800040C1D = {
						CreatedOnToolsVersion = 7.2;
					};
				};
			};
			buildConfigurationList = EC7451721C20617800040C1D /* Build configuration list for PBXProject "prog1" */;
			compatibilityVersion = "Xcode 6.3";
			developmentRegion = English;
			hasScannedForEncodings = 0;
			knownRegions = (
				en,
			);
			mainGroup = EC74516E1C20617800040C1D;
			productRefGroup = EC7451781C20617800040C1D /* Products */;
			projectDirPath = "";
			projectRoot = "";
			targets = (
				EC7451761C20617800040C1D /* prog1 */,
			);
		};
/* End PBXProject section */

/* Begin PBXSourcesBuildPhase section */
		EC7451731C20617800040C1D /* Sources */ = {
			isa = PBXSourcesBuildPhase;
			buildActionMask = 2147483647;
			files = (
				EC5D71CE1C985425000EDCF6 /* chapter2-data-encapsulation.m in Sources */,
				ECA02D311C99BB10000244D6 /* chapter3-integer-arithmetic.m in Sources */,
				EC5D71D01C985620000EDCF6 /* chapter3-datatypes.m in Sources */,
				ECAF9BFB1C28558B00C8FE0C /* chapter2-class-object.m in Sources */,
				EC74517B1C20617800040C1D /* chapter1-first-program.m in Sources */,
			);
			runOnlyForDeploymentPostprocessing = 0;
		};
/* End PBXSourcesBuildPhase section */

/* Begin XCBuildConfiguration section */
		EC74517C1C20617800040C1D /* Debug */ = {
			isa = XCBuildConfiguration;
			buildSettings = {
				ALWAYS_SEARCH_USER_PATHS = NO;
				CLANG_CXX_LANGUAGE_STANDARD = "gnu++0x";
				CLANG_CXX_LIBRARY = "libc++";
				CLANG_ENABLE_MODULES = YES;
				CLANG_ENABLE_OBJC_ARC = YES;
				CLANG_WARN_BOOL_CONVERSION = YES;
				CLANG_WARN_CONSTANT_CONVERSION = YES;
				CLANG_WARN_DIRECT_OBJC_ISA_USAGE = YES_ERROR;
				CLANG_WARN_EMPTY_BODY = YES;
				CLANG_WARN_ENUM_CONVERSION = YES;
				CLANG_WARN_INT_CONVERSION = YES;
				CLANG_WARN_OBJC_ROOT_CLASS = YES_ERROR;
				CLANG_WARN_UNREACHABLE_CODE = YES;
				CLANG_WARN__DUPLICATE_METHOD_MATCH = YES;
				CODE_SIGN_IDENTITY = "-";
				COPY_PHASE_STRIP = NO;
				DEBUG_INFORMATION_FORMAT = dwarf;
				ENABLE_STRICT_OBJC_MSGSEND = YES;
				ENABLE_TESTABILITY = YES;
				GCC_C_LANGUAGE_STANDARD = gnu99;
				GCC_DYNAMIC_NO_PIC = NO;
				GCC_NO_COMMON_BLOCKS = YES;
				GCC_OPTIMIZATION_LEVEL = 0;
				GCC_PREPROCESSOR_DEFINITIONS = (
					"DEBUG=1",
					"$(inherited)",
				);
				GCC_WARN_64_TO_32_BIT_CONVERSION = YES;
				GCC_WARN_ABOUT_RETURN_TYPE = YES_ERROR;
				GCC_WARN_UNDECLARED_SELECTOR = YES;
				GCC_WARN_UNINITIALIZED_AUTOS = YES_AGGRESSIVE;
				GCC_WARN_UNUSED_FUNCTION = YES;
				GCC_WARN_UNUSED_VARIABLE = YES;
				MACOSX_DEPLOYMENT_TARGET = 10.11;
				MTL_ENABLE_DEBUG_INFO = YES;
				ONLY_ACTIVE_ARCH = YES;
				SDKROOT = macosx;
			};
			name = Debug;
		};
		EC74517D1C20617800040C1D /* Release */ = {
			isa = XCBuildConfiguration;
			buildSettings = {
				ALWAYS_SEARCH_USER_PATHS = NO;
				CLANG_CXX_LANGUAGE_STANDARD = "gnu++0x";
				CLANG_CXX_LIBRARY = "libc++";
				CLANG_ENABLE_MODULES = YES;
				CLANG_ENABLE_OBJC_ARC = YES;
				CLANG_WARN_BOOL_CONVERSION = YES;
				CLANG_WARN_CONSTANT_CONVERSION = YES;
				CLANG_WARN_DIRECT_OBJC_ISA_USAGE = YES_ERROR;
				CLANG_WARN_EMPTY_BODY = YES;
				CLANG_WARN_ENUM_CONVERSION = YES;
				CLANG_WARN_INT_CONVERSION = YES;
				CLANG_WARN_OBJC_ROOT_CLASS = YES_ERROR;
				CLANG_WARN_UNREACHABLE_CODE = YES;
				CLANG_WARN__DUPLICATE_METHOD_MATCH = YES;
				CODE_SIGN_IDENTITY = "-";
				COPY_PHASE_STRIP = NO;
				DEBUG_INFORMATION_FORMAT = "dwarf-with-dsym";
				ENABLE_NS_ASSERTIONS = NO;
				ENABLE_STRICT_OBJC_MSGSEND = YES;
				GCC_C_LANGUAGE_STANDARD = gnu99;
				GCC_NO_COMMON_BLOCKS = YES;
				GCC_WARN_64_TO_32_BIT_CONVERSION = YES;
				GCC_WARN_ABOUT_RETURN_TYPE = YES_ERROR;
				GCC_WARN_UNDECLARED_SELECTOR = YES;
				GCC_WARN_UNINITIALIZED_AUTOS = YES_AGGRESSIVE;
				GCC_WARN_UNUSED_FUNCTION = YES;
				GCC_WARN_UNUSED_VARIABLE = YES;
				MACOSX_DEPLOYMENT_TARGET = 10.11;
				MTL_ENABLE_DEBUG_INFO = NO;
				SDKROOT = macosx;
			};
			name = Release;
		};
		EC74517F1C20617800040C1D /* Debug */ = {
			isa = XCBuildConfiguration;
			buildSettings = {
				PRODUCT_NAME = "$(TARGET_NAME)";
			};
			name = Debug;
		};
		EC7451801C20617800040C1D /* Release */ = {
			isa = XCBuildConfiguration;
			buildSettings = {
				PRODUCT_NAME = "$(TARGET_NAME)";
			};
			name = Release;
		};
/* End XCBuildConfiguration section */

/* Begin XCConfigurationList section */
		EC7451721C20617800040C1D /* Build configuration list for PBXProject "prog1" */ = {
			isa = XCConfigurationList;
			buildConfigurations = (
				EC74517C1C20617800040C1D /* Debug */,
				EC74517D1C20617800040C1D /* Release */,
			);
			defaultConfigurationIsVisible = 0;
			defaultConfigurationName = Release;
		};
		EC74517E1C20617800040C1D /* Build configuration list for PBXNativeTarget "prog1" */ = {
			isa = XCConfigurationList;
			buildConfigurations = (
				EC74517F1C20617800040C1D /* Debug */,
				EC7451801C20617800040C1D /* Release */,
			);
			defaultConfigurationIsVisible = 0;
			defaultConfigurationName = Release;
		};
/* End XCConfigurationList section */
	};
	rootObject = EC74516F1C20617800040C1D /* Project object */;
}
